
Microsoft Visual Studio Solution File, Format Version 12.00
# Visual Studio 15
VisualStudioVersion = 15.0.28307.106
MinimumVisualStudioVersion = 10.0.40219.1
Project("{FAE04EC0-301F-11D3-BF4B-00C04F79EFBC}") = "DnsAndPing", "DnsAndPing\DnsAndPing.csproj", "{933AB4FB-B389-41BC-8399-EB567806FE09}"
EndProject
Project("{FAE04EC0-301F-11D3-BF4B-00C04F79EFBC}") = "TcpClient1", "TcpClient1\TcpClient1.csproj", "{BAF14519-3A4A-4A9E-9B4C-CA4419C48D10}"
EndProject
Global
	GlobalSection(SolutionConfigurationPlatforms) = preSolution
		Debug|Any CPU = Debug|Any CPU
		Release|Any CPU = Release|Any CPU
	EndGlobalSection
	GlobalSection(ProjectConfigurationPlatforms) = postSolution
		{933AB4FB-B389-41BC-8399-EB567806FE09}.Debug|Any CPU.ActiveCfg = Debug|Any CPU
		{933AB4FB-B389-41BC-8399-EB567806FE09}.Debug|Any CPU.Build.0 = Debug|Any CPU
		{933AB4FB-B389-41BC-8399-EB567806FE09}.Release|Any CPU.ActiveCfg = Release|Any CPU
		{933AB4FB-B389-41BC-8399-EB567806FE09}.Release|Any CPU.Build.0 = Release|Any CPU
		{BAF14519-3A4A-4A9E-9B4C-CA4419C48D10}.Debug|Any CPU.ActiveCfg = Debug|Any CPU
		{BAF14519-3A4A-4A9E-9B4C-CA4419C48D10}.Debug|Any CPU.Build.0 = Debug|Any CPU
		{BAF14519-3A4A-4A9E-9B4C-CA4419C48D10}.Release|Any CPU.ActiveCfg = Release|Any CPU
		{BAF14519-3A4A-4A9E-9B4C-CA4419C48D10}.Release|Any CPU.Build.0 = Release|Any CPU
	EndGlobalSection
	GlobalSection(SolutionProperties) = preSolution
		HideSolutionNode = FALSE
	EndGlobalSection
	GlobalSection(ExtensibilityGlobals) = postSolution
		SolutionGuid = {1EB0E45E-1FF4-4540-A69F-EE97A7ADCA64}
	EndGlobalSection
EndGlobal
