
Microsoft Visual Studio Solution File, Format Version 12.00
# Visual Studio 15
VisualStudioVersion = 15.0.28307.106
MinimumVisualStudioVersion = 10.0.40219.1
Project("{FAE04EC0-301F-11D3-BF4B-00C04F79EFBC}") = "DnsAndPing", "DnsAndPing\DnsAndPing.csproj", "{933AB4FB-B389-41BC-8399-EB567806FE09}"
EndProject
Project("{FAE04EC0-301F-11D3-BF4B-00C04F79EFBC}") = "TcpClient1", "TcpClient1\TcpClient1.csproj", "{BAF14519-3A4A-4A9E-9B4C-CA4419C48D10}"
EndProject
Project("{FAE04EC0-301F-11D3-BF4B-00C04F79EFBC}") = "TcpEchoServer", "TcpEchoServer\TcpEchoServer.csproj", "{BED405F5-7E60-4BC8-8645-C34EBE75F206}"
EndProject
Project("{FAE04EC0-301F-11D3-BF4B-00C04F79EFBC}") = "TcpEchoClient", "TcpEchoClient\TcpEchoClient.csproj", "{361EEDCC-B404-4B9B-81D6-22FED8EFFD36}"
EndProject
Project("{FAE04EC0-301F-11D3-BF4B-00C04F79EFBC}") = "TcpServer", "TcpServer\TcpServer.csproj", "{82857AF0-84A5-49A6-8D2F-D3DB895AEE85}"
EndProject
Project("{FAE04EC0-301F-11D3-BF4B-00C04F79EFBC}") = "UdpEchoServer", "UdpEchoServer\UdpEchoServer.csproj", "{0DBAA5AC-7E06-4777-A02A-E035D918E2BE}"
EndProject
Project("{FAE04EC0-301F-11D3-BF4B-00C04F79EFBC}") = "UdpEchoClient", "UdpEchoClient\UdpEchoClient.csproj", "{B586756A-96B6-421B-862F-FD64B996D8E4}"
EndProject
Global
	GlobalSection(SolutionConfigurationPlatforms) = preSolution
		Debug|Any CPU = Debug|Any CPU
		Release|Any CPU = Release|Any CPU
	EndGlobalSection
	GlobalSection(ProjectConfigurationPlatforms) = postSolution
		{933AB4FB-B389-41BC-8399-EB567806FE09}.Debug|Any CPU.ActiveCfg = Debug|Any CPU
		{933AB4FB-B389-41BC-8399-EB567806FE09}.Debug|Any CPU.Build.0 = Debug|Any CPU
		{933AB4FB-B389-41BC-8399-EB567806FE09}.Release|Any CPU.ActiveCfg = Release|Any CPU
		{933AB4FB-B389-41BC-8399-EB567806FE09}.Release|Any CPU.Build.0 = Release|Any CPU
		{BAF14519-3A4A-4A9E-9B4C-CA4419C48D10}.Debug|Any CPU.ActiveCfg = Debug|Any CPU
		{BAF14519-3A4A-4A9E-9B4C-CA4419C48D10}.Debug|Any CPU.Build.0 = Debug|Any CPU
		{BAF14519-3A4A-4A9E-9B4C-CA4419C48D10}.Release|Any CPU.ActiveCfg = Release|Any CPU
		{BAF14519-3A4A-4A9E-9B4C-CA4419C48D10}.Release|Any CPU.Build.0 = Release|Any CPU
		{BED405F5-7E60-4BC8-8645-C34EBE75F206}.Debug|Any CPU.ActiveCfg = Debug|Any CPU
		{BED405F5-7E60-4BC8-8645-C34EBE75F206}.Debug|Any CPU.Build.0 = Debug|Any CPU
		{BED405F5-7E60-4BC8-8645-C34EBE75F206}.Release|Any CPU.ActiveCfg = Release|Any CPU
		{BED405F5-7E60-4BC8-8645-C34EBE75F206}.Release|Any CPU.Build.0 = Release|Any CPU
		{361EEDCC-B404-4B9B-81D6-22FED8EFFD36}.Debug|Any CPU.ActiveCfg = Debug|Any CPU
		{361EEDCC-B404-4B9B-81D6-22FED8EFFD36}.Debug|Any CPU.Build.0 = Debug|Any CPU
		{361EEDCC-B404-4B9B-81D6-22FED8EFFD36}.Release|Any CPU.ActiveCfg = Release|Any CPU
		{361EEDCC-B404-4B9B-81D6-22FED8EFFD36}.Release|Any CPU.Build.0 = Release|Any CPU
		{82857AF0-84A5-49A6-8D2F-D3DB895AEE85}.Debug|Any CPU.ActiveCfg = Debug|Any CPU
		{82857AF0-84A5-49A6-8D2F-D3DB895AEE85}.Debug|Any CPU.Build.0 = Debug|Any CPU
		{82857AF0-84A5-49A6-8D2F-D3DB895AEE85}.Release|Any CPU.ActiveCfg = Release|Any CPU
		{82857AF0-84A5-49A6-8D2F-D3DB895AEE85}.Release|Any CPU.Build.0 = Release|Any CPU
		{0DBAA5AC-7E06-4777-A02A-E035D918E2BE}.Debug|Any CPU.ActiveCfg = Debug|Any CPU
		{0DBAA5AC-7E06-4777-A02A-E035D918E2BE}.Debug|Any CPU.Build.0 = Debug|Any CPU
		{0DBAA5AC-7E06-4777-A02A-E035D918E2BE}.Release|Any CPU.ActiveCfg = Release|Any CPU
		{0DBAA5AC-7E06-4777-A02A-E035D918E2BE}.Release|Any CPU.Build.0 = Release|Any CPU
		{B586756A-96B6-421B-862F-FD64B996D8E4}.Debug|Any CPU.ActiveCfg = Debug|Any CPU
		{B586756A-96B6-421B-862F-FD64B996D8E4}.Debug|Any CPU.Build.0 = Debug|Any CPU
		{B586756A-96B6-421B-862F-FD64B996D8E4}.Release|Any CPU.ActiveCfg = Release|Any CPU
		{B586756A-96B6-421B-862F-FD64B996D8E4}.Release|Any CPU.Build.0 = Release|Any CPU
	EndGlobalSection
	GlobalSection(SolutionProperties) = preSolution
		HideSolutionNode = FALSE
	EndGlobalSection
	GlobalSection(ExtensibilityGlobals) = postSolution
		SolutionGuid = {1EB0E45E-1FF4-4540-A69F-EE97A7ADCA64}
	EndGlobalSection
EndGlobal
